
Microsoft Visual Studio Solution File, Format Version 12.00
# Visual Studio 2013
VisualStudioVersion = 12.0.21005.1
MinimumVisualStudioVersion = 10.0.40219.1
Project("{FAE04EC0-301F-11D3-BF4B-00C04F79EFBC}") = "Payroll_Pikieva", "Payroll_Pikieva\Payroll_Pikieva.csproj", "{1B2685C3-80DB-4184-9B6B-920E59486694}"
EndProject
Project("{FAE04EC0-301F-11D3-BF4B-00C04F79EFBC}") = "Tests_Pikieva", "Tests_Pikieva\Tests_Pikieva.csproj", "{03DF97EF-6E13-4F67-94E6-36082D9CD20B}"
EndProject
Global
	GlobalSection(SolutionConfigurationPlatforms) = preSolution
		Debug|Any CPU = Debug|Any CPU
		Release|Any CPU = Release|Any CPU
	EndGlobalSection
	GlobalSection(ProjectConfigurationPlatforms) = postSolution
		{1B2685C3-80DB-4184-9B6B-920E59486694}.Debug|Any CPU.ActiveCfg = Debug|Any CPU
		{1B2685C3-80DB-4184-9B6B-920E59486694}.Debug|Any CPU.Build.0 = Debug|Any CPU
		{1B2685C3-80DB-4184-9B6B-920E59486694}.Release|Any CPU.ActiveCfg = Release|Any CPU
		{1B2685C3-80DB-4184-9B6B-920E59486694}.Release|Any CPU.Build.0 = Release|Any CPU
		{03DF97EF-6E13-4F67-94E6-36082D9CD20B}.Debug|Any CPU.ActiveCfg = Debug|Any CPU
		{03DF97EF-6E13-4F67-94E6-36082D9CD20B}.Debug|Any CPU.Build.0 = Debug|Any CPU
		{03DF97EF-6E13-4F67-94E6-36082D9CD20B}.Release|Any CPU.ActiveCfg = Release|Any CPU
		{03DF97EF-6E13-4F67-94E6-36082D9CD20B}.Release|Any CPU.Build.0 = Release|Any CPU
	EndGlobalSection
	GlobalSection(SolutionProperties) = preSolution
		HideSolutionNode = FALSE
	EndGlobalSection
EndGlobal
